
Microsoft Visual Studio Solution File, Format Version 12.00
# Visual Studio Version 17
VisualStudioVersion = 17.4.33110.190
MinimumVisualStudioVersion = 10.0.40219.1
Project("{FAE04EC0-301F-11D3-BF4B-00C04F79EFBC}") = "demo-bug-memoryleak", "demo-bug-memoryleak\demo-bug-memoryleak.csproj", "{A4CDC1BB-F82E-4853-8793-59CE22F1FF2C}"
EndProject
Global
	GlobalSection(SolutionConfigurationPlatforms) = preSolution
		Debug|Any CPU = Debug|Any CPU
		Release|Any CPU = Release|Any CPU
	EndGlobalSection
	GlobalSection(ProjectConfigurationPlatforms) = postSolution
		{A4CDC1BB-F82E-4853-8793-59CE22F1FF2C}.Debug|Any CPU.ActiveCfg = Debug|Any CPU
		{A4CDC1BB-F82E-4853-8793-59CE22F1FF2C}.Debug|Any CPU.Build.0 = Debug|Any CPU
		{A4CDC1BB-F82E-4853-8793-59CE22F1FF2C}.Release|Any CPU.ActiveCfg = Release|Any CPU
		{A4CDC1BB-F82E-4853-8793-59CE22F1FF2C}.Release|Any CPU.Build.0 = Release|Any CPU
	EndGlobalSection
	GlobalSection(SolutionProperties) = preSolution
		HideSolutionNode = FALSE
	EndGlobalSection
	GlobalSection(ExtensibilityGlobals) = postSolution
		SolutionGuid = {9C6260C6-9B63-4962-8525-979996B6BDF7}
	EndGlobalSection
EndGlobal
